
Microsoft Visual Studio Solution File, Format Version 12.00
# Visual Studio Version 16
VisualStudioVersion = 16.0.28822.285
MinimumVisualStudioVersion = 10.0.40219.1
Project("{9A19103F-16F7-4668-BE54-9A1E7A4F7556}") = "JOS.TrafikLab.Functions", "src\JOS.TrafikLab.Functions\JOS.TrafikLab.Functions.csproj", "{92498E87-F1B4-41D2-8DDD-9367FF5B204E}"
EndProject
Project("{2150E333-8FDC-42A3-9474-1A3956D46DE8}") = "src", "src", "{70729267-5E57-4B59-8DDB-29040083A248}"
EndProject
Project("{9A19103F-16F7-4668-BE54-9A1E7A4F7556}") = "JOS.TrafikLab.Client", "src\JOS.TrafikLab.Client\JOS.TrafikLab.Client.csproj", "{953C72A3-B987-4D98-8B33-81D4CAAB4603}"
EndProject
Project("{2150E333-8FDC-42A3-9474-1A3956D46DE8}") = "misc", "misc", "{C37E1731-C701-437D-834C-0582F690A64F}"
	ProjectSection(SolutionItems) = preProject
		.gitignore = .gitignore
		global.json = global.json
	EndProjectSection
EndProject
Project("{9A19103F-16F7-4668-BE54-9A1E7A4F7556}") = "JOS.PublicTransportation.Web", "src\JOS.PublicTransportation.Web\JOS.PublicTransportation.Web.csproj", "{C39A6D31-7977-45FF-A0A0-61D6DD7E44CC}"
EndProject
Project("{2150E333-8FDC-42A3-9474-1A3956D46DE8}") = "test", "test", "{1183E975-F936-4F15-B8CD-AADBD36005E5}"
EndProject
Project("{9A19103F-16F7-4668-BE54-9A1E7A4F7556}") = "JOS.PublicTransportation.Application.Tests", "test\JOS.PublicTransportation.Application.Tests\JOS.PublicTransportation.Application.Tests.csproj", "{8F785A3B-BD0B-4D24-A4DB-C0E05BF806CD}"
EndProject
Project("{9A19103F-16F7-4668-BE54-9A1E7A4F7556}") = "JOS.PublicTransportation.Tests.Common", "test\JOS.PublicTransportation.Tests.Common\JOS.PublicTransportation.Tests.Common.csproj", "{E3330EF9-B47A-454E-BDB5-9B2414385D15}"
EndProject
Project("{9A19103F-16F7-4668-BE54-9A1E7A4F7556}") = "JOS.KDTree", "src\JOS.KDTree\JOS.KDTree.csproj", "{E84CB4D8-E2C7-4E0C-9D5C-0028E502A358}"
EndProject
Project("{9A19103F-16F7-4668-BE54-9A1E7A4F7556}") = "JOS.KDTree.Tests", "test\JOS.KDTree.Tests\JOS.KDTree.Tests.csproj", "{25104F4F-3ED1-4FF6-BF4C-47396C45A8B0}"
EndProject
Project("{9A19103F-16F7-4668-BE54-9A1E7A4F7556}") = "JOS.TrafikLab.Functions.Tests", "test\JOS.TrafikLab.Functions.Tests\JOS.TrafikLab.Functions.Tests.csproj", "{C99A4AA1-EFF9-4C51-8EED-EC271E282112}"
EndProject
Project("{2150E333-8FDC-42A3-9474-1A3956D46DE8}") = "TrafikLab", "TrafikLab", "{B40AE20C-AAC7-4582-9DE1-B8C2D08C35D8}"
EndProject
Project("{FAE04EC0-301F-11D3-BF4B-00C04F79EFBC}") = "JOS.TrafikLab.Core", "src\JOS.TrafikLab.Core\JOS.TrafikLab.Core.csproj", "{7435F04C-8DBF-4064-86E8-891771678B8D}"
EndProject
Project("{2150E333-8FDC-42A3-9474-1A3956D46DE8}") = "Web", "Web", "{E90EA943-AFC7-432B-9765-96BF3A7C4F86}"
EndProject
Project("{2150E333-8FDC-42A3-9474-1A3956D46DE8}") = "Core", "Core", "{AABA44F2-C5AA-4C82-8101-CABD7D7AFCF4}"
EndProject
Project("{FAE04EC0-301F-11D3-BF4B-00C04F79EFBC}") = "JOS.Core", "src\JOS.Core\JOS.Core.csproj", "{46F179B1-1B2C-47FD-AB76-FD1592316C9B}"
EndProject
Global
	GlobalSection(SolutionConfigurationPlatforms) = preSolution
		Debug|Any CPU = Debug|Any CPU
		Release|Any CPU = Release|Any CPU
	EndGlobalSection
	GlobalSection(ProjectConfigurationPlatforms) = postSolution
		{92498E87-F1B4-41D2-8DDD-9367FF5B204E}.Debug|Any CPU.ActiveCfg = Debug|Any CPU
		{92498E87-F1B4-41D2-8DDD-9367FF5B204E}.Debug|Any CPU.Build.0 = Debug|Any CPU
		{92498E87-F1B4-41D2-8DDD-9367FF5B204E}.Release|Any CPU.ActiveCfg = Release|Any CPU
		{92498E87-F1B4-41D2-8DDD-9367FF5B204E}.Release|Any CPU.Build.0 = Release|Any CPU
		{953C72A3-B987-4D98-8B33-81D4CAAB4603}.Debug|Any CPU.ActiveCfg = Debug|Any CPU
		{953C72A3-B987-4D98-8B33-81D4CAAB4603}.Debug|Any CPU.Build.0 = Debug|Any CPU
		{953C72A3-B987-4D98-8B33-81D4CAAB4603}.Release|Any CPU.ActiveCfg = Release|Any CPU
		{953C72A3-B987-4D98-8B33-81D4CAAB4603}.Release|Any CPU.Build.0 = Release|Any CPU
		{C39A6D31-7977-45FF-A0A0-61D6DD7E44CC}.Debug|Any CPU.ActiveCfg = Debug|Any CPU
		{C39A6D31-7977-45FF-A0A0-61D6DD7E44CC}.Debug|Any CPU.Build.0 = Debug|Any CPU
		{C39A6D31-7977-45FF-A0A0-61D6DD7E44CC}.Release|Any CPU.ActiveCfg = Release|Any CPU
		{C39A6D31-7977-45FF-A0A0-61D6DD7E44CC}.Release|Any CPU.Build.0 = Release|Any CPU
		{8F785A3B-BD0B-4D24-A4DB-C0E05BF806CD}.Debug|Any CPU.ActiveCfg = Debug|Any CPU
		{8F785A3B-BD0B-4D24-A4DB-C0E05BF806CD}.Debug|Any CPU.Build.0 = Debug|Any CPU
		{8F785A3B-BD0B-4D24-A4DB-C0E05BF806CD}.Release|Any CPU.ActiveCfg = Release|Any CPU
		{8F785A3B-BD0B-4D24-A4DB-C0E05BF806CD}.Release|Any CPU.Build.0 = Release|Any CPU
		{E3330EF9-B47A-454E-BDB5-9B2414385D15}.Debug|Any CPU.ActiveCfg = Debug|Any CPU
		{E3330EF9-B47A-454E-BDB5-9B2414385D15}.Debug|Any CPU.Build.0 = Debug|Any CPU
		{E3330EF9-B47A-454E-BDB5-9B2414385D15}.Release|Any CPU.ActiveCfg = Release|Any CPU
		{E3330EF9-B47A-454E-BDB5-9B2414385D15}.Release|Any CPU.Build.0 = Release|Any CPU
		{E84CB4D8-E2C7-4E0C-9D5C-0028E502A358}.Debug|Any CPU.ActiveCfg = Debug|Any CPU
		{E84CB4D8-E2C7-4E0C-9D5C-0028E502A358}.Debug|Any CPU.Build.0 = Debug|Any CPU
		{E84CB4D8-E2C7-4E0C-9D5C-0028E502A358}.Release|Any CPU.ActiveCfg = Release|Any CPU
		{E84CB4D8-E2C7-4E0C-9D5C-0028E502A358}.Release|Any CPU.Build.0 = Release|Any CPU
		{25104F4F-3ED1-4FF6-BF4C-47396C45A8B0}.Debug|Any CPU.ActiveCfg = Debug|Any CPU
		{25104F4F-3ED1-4FF6-BF4C-47396C45A8B0}.Debug|Any CPU.Build.0 = Debug|Any CPU
		{25104F4F-3ED1-4FF6-BF4C-47396C45A8B0}.Release|Any CPU.ActiveCfg = Release|Any CPU
		{25104F4F-3ED1-4FF6-BF4C-47396C45A8B0}.Release|Any CPU.Build.0 = Release|Any CPU
		{C99A4AA1-EFF9-4C51-8EED-EC271E282112}.Debug|Any CPU.ActiveCfg = Debug|Any CPU
		{C99A4AA1-EFF9-4C51-8EED-EC271E282112}.Debug|Any CPU.Build.0 = Debug|Any CPU
		{C99A4AA1-EFF9-4C51-8EED-EC271E282112}.Release|Any CPU.ActiveCfg = Release|Any CPU
		{C99A4AA1-EFF9-4C51-8EED-EC271E282112}.Release|Any CPU.Build.0 = Release|Any CPU
		{7435F04C-8DBF-4064-86E8-891771678B8D}.Debug|Any CPU.ActiveCfg = Debug|Any CPU
		{7435F04C-8DBF-4064-86E8-891771678B8D}.Debug|Any CPU.Build.0 = Debug|Any CPU
		{7435F04C-8DBF-4064-86E8-891771678B8D}.Release|Any CPU.ActiveCfg = Release|Any CPU
		{7435F04C-8DBF-4064-86E8-891771678B8D}.Release|Any CPU.Build.0 = Release|Any CPU
		{46F179B1-1B2C-47FD-AB76-FD1592316C9B}.Debug|Any CPU.ActiveCfg = Debug|Any CPU
		{46F179B1-1B2C-47FD-AB76-FD1592316C9B}.Debug|Any CPU.Build.0 = Debug|Any CPU
		{46F179B1-1B2C-47FD-AB76-FD1592316C9B}.Release|Any CPU.ActiveCfg = Release|Any CPU
		{46F179B1-1B2C-47FD-AB76-FD1592316C9B}.Release|Any CPU.Build.0 = Release|Any CPU
	EndGlobalSection
	GlobalSection(SolutionProperties) = preSolution
		HideSolutionNode = FALSE
	EndGlobalSection
	GlobalSection(NestedProjects) = preSolution
		{92498E87-F1B4-41D2-8DDD-9367FF5B204E} = {B40AE20C-AAC7-4582-9DE1-B8C2D08C35D8}
		{953C72A3-B987-4D98-8B33-81D4CAAB4603} = {B40AE20C-AAC7-4582-9DE1-B8C2D08C35D8}
		{C39A6D31-7977-45FF-A0A0-61D6DD7E44CC} = {E90EA943-AFC7-432B-9765-96BF3A7C4F86}
		{8F785A3B-BD0B-4D24-A4DB-C0E05BF806CD} = {1183E975-F936-4F15-B8CD-AADBD36005E5}
		{E3330EF9-B47A-454E-BDB5-9B2414385D15} = {1183E975-F936-4F15-B8CD-AADBD36005E5}
		{E84CB4D8-E2C7-4E0C-9D5C-0028E502A358} = {AABA44F2-C5AA-4C82-8101-CABD7D7AFCF4}
		{25104F4F-3ED1-4FF6-BF4C-47396C45A8B0} = {1183E975-F936-4F15-B8CD-AADBD36005E5}
		{C99A4AA1-EFF9-4C51-8EED-EC271E282112} = {1183E975-F936-4F15-B8CD-AADBD36005E5}
		{B40AE20C-AAC7-4582-9DE1-B8C2D08C35D8} = {70729267-5E57-4B59-8DDB-29040083A248}
		{7435F04C-8DBF-4064-86E8-891771678B8D} = {B40AE20C-AAC7-4582-9DE1-B8C2D08C35D8}
		{E90EA943-AFC7-432B-9765-96BF3A7C4F86} = {70729267-5E57-4B59-8DDB-29040083A248}
		{AABA44F2-C5AA-4C82-8101-CABD7D7AFCF4} = {70729267-5E57-4B59-8DDB-29040083A248}
		{46F179B1-1B2C-47FD-AB76-FD1592316C9B} = {AABA44F2-C5AA-4C82-8101-CABD7D7AFCF4}
	EndGlobalSection
	GlobalSection(ExtensibilityGlobals) = postSolution
		SolutionGuid = {168C41FB-F348-4378-8FE0-FB2F42EEF754}
	EndGlobalSection
EndGlobal
